// !$*UTF8*$!
{
	archiveVersion = 1;
	classes = {
	};
	objectVersion = 46;
	objects = {

/* Begin PBXBuildFile section */
		F11998D21963A33D00801578 /* snapLocationTVC.m in Sources */ = {isa = PBXBuildFile; fileRef = F11998D11963A33D00801578 /* snapLocationTVC.m */; };
		F16BDC6B1955EA9500BD3538 /* snapFlickrPhotosTVC.m in Sources */ = {isa = PBXBuildFile; fileRef = F16BDC6A1955EA9500BD3538 /* snapFlickrPhotosTVC.m */; };
		F16BDC6E1955EB7400BD3538 /* snapJustPostedFlickrPhotosTVCViewController.m in Sources */ = {isa = PBXBuildFile; fileRef = F16BDC6D1955EB7400BD3538 /* snapJustPostedFlickrPhotosTVCViewController.m */; };
		F16BDC731955F1CC00BD3538 /* FlickrFetcher.m in Sources */ = {isa = PBXBuildFile; fileRef = F16BDC721955F1CC00BD3538 /* FlickrFetcher.m */; };
		F16BDCBD1956492D00BD3538 /* ccImageViewController.m in Sources */ = {isa = PBXBuildFile; fileRef = F16BDCBC1956492D00BD3538 /* ccImageViewController.m */; };
		F1A4AA521953981B009EE205 /* Foundation.framework in Frameworks */ = {isa = PBXBuildFile; fileRef = F1A4AA511953981B009EE205 /* Foundation.framework */; };
		F1A4AA541953981B009EE205 /* CoreGraphics.framework in Frameworks */ = {isa = PBXBuildFile; fileRef = F1A4AA531953981B009EE205 /* CoreGraphics.framework */; };
		F1A4AA561953981B009EE205 /* UIKit.framework in Frameworks */ = {isa = PBXBuildFile; fileRef = F1A4AA551953981B009EE205 /* UIKit.framework */; };
		F1A4AA5C1953981B009EE205 /* InfoPlist.strings in Resources */ = {isa = PBXBuildFile; fileRef = F1A4AA5A1953981B009EE205 /* InfoPlist.strings */; };
		F1A4AA5E1953981B009EE205 /* main.m in Sources */ = {isa = PBXBuildFile; fileRef = F1A4AA5D1953981B009EE205 /* main.m */; };
		F1A4AA621953981B009EE205 /* snapAppDelegate.m in Sources */ = {isa = PBXBuildFile; fileRef = F1A4AA611953981B009EE205 /* snapAppDelegate.m */; };
		F1A4AA651953981B009EE205 /* Main_iPhone.storyboard in Resources */ = {isa = PBXBuildFile; fileRef = F1A4AA631953981B009EE205 /* Main_iPhone.storyboard */; };
		F1A4AA681953981B009EE205 /* Main_iPad.storyboard in Resources */ = {isa = PBXBuildFile; fileRef = F1A4AA661953981B009EE205 /* Main_iPad.storyboard */; };
		F1A4AA6D1953981B009EE205 /* Images.xcassets in Resources */ = {isa = PBXBuildFile; fileRef = F1A4AA6C1953981B009EE205 /* Images.xcassets */; };
		F1A4AA741953981B009EE205 /* XCTest.framework in Frameworks */ = {isa = PBXBuildFile; fileRef = F1A4AA731953981B009EE205 /* XCTest.framework */; };
		F1A4AA751953981B009EE205 /* Foundation.framework in Frameworks */ = {isa = PBXBuildFile; fileRef = F1A4AA511953981B009EE205 /* Foundation.framework */; };
		F1A4AA761953981B009EE205 /* UIKit.framework in Frameworks */ = {isa = PBXBuildFile; fileRef = F1A4AA551953981B009EE205 /* UIKit.framework */; };
		F1A4AA7E1953981B009EE205 /* InfoPlist.strings in Resources */ = {isa = PBXBuildFile; fileRef = F1A4AA7C1953981B009EE205 /* InfoPlist.strings */; };
		F1A4AA801953981B009EE205 /* snapshotTests.m in Sources */ = {isa = PBXBuildFile; fileRef = F1A4AA7F1953981B009EE205 /* snapshotTests.m */; };
/* End PBXBuildFile section */

/* Begin PBXContainerItemProxy section */
		F1A4AA771953981B009EE205 /* PBXContainerItemProxy */ = {
			isa = PBXContainerItemProxy;
			containerPortal = F1A4AA461953981B009EE205 /* Project object */;
			proxyType = 1;
			remoteGlobalIDString = F1A4AA4D1953981B009EE205;
			remoteInfo = snapshot;
		};
/* End PBXContainerItemProxy section */

/* Begin PBXFileReference section */
		F11998D01963A33D00801578 /* snapLocationTVC.h */ = {isa = PBXFileReference; fileEncoding = 4; lastKnownFileType = sourcecode.c.h; path = snapLocationTVC.h; sourceTree = "<group>"; };
		F11998D11963A33D00801578 /* snapLocationTVC.m */ = {isa = PBXFileReference; fileEncoding = 4; lastKnownFileType = sourcecode.c.objc; path = snapLocationTVC.m; sourceTree = "<group>"; };
		F16BDC691955EA9500BD3538 /* snapFlickrPhotosTVC.h */ = {isa = PBXFileReference; fileEncoding = 4; lastKnownFileType = sourcecode.c.h; path = snapFlickrPhotosTVC.h; sourceTree = "<group>"; };
		F16BDC6A1955EA9500BD3538 /* snapFlickrPhotosTVC.m */ = {isa = PBXFileReference; fileEncoding = 4; lastKnownFileType = sourcecode.c.objc; path = snapFlickrPhotosTVC.m; sourceTree = "<group>"; };
		F16BDC6C1955EB7400BD3538 /* snapJustPostedFlickrPhotosTVCViewController.h */ = {isa = PBXFileReference; fileEncoding = 4; lastKnownFileType = sourcecode.c.h; path = snapJustPostedFlickrPhotosTVCViewController.h; sourceTree = "<group>"; };
		F16BDC6D1955EB7400BD3538 /* snapJustPostedFlickrPhotosTVCViewController.m */ = {isa = PBXFileReference; fileEncoding = 4; lastKnownFileType = sourcecode.c.objc; path = snapJustPostedFlickrPhotosTVCViewController.m; sourceTree = "<group>"; };
		F16BDC701955F1CC00BD3538 /* FlickrAPIKey.h */ = {isa = PBXFileReference; fileEncoding = 4; lastKnownFileType = sourcecode.c.h; path = FlickrAPIKey.h; sourceTree = "<group>"; };
		F16BDC711955F1CC00BD3538 /* FlickrFetcher.h */ = {isa = PBXFileReference; fileEncoding = 4; lastKnownFileType = sourcecode.c.h; path = FlickrFetcher.h; sourceTree = "<group>"; };
		F16BDC721955F1CC00BD3538 /* FlickrFetcher.m */ = {isa = PBXFileReference; fileEncoding = 4; lastKnownFileType = sourcecode.c.objc; path = FlickrFetcher.m; sourceTree = "<group>"; };
		F16BDCBB1956492D00BD3538 /* ccImageViewController.h */ = {isa = PBXFileReference; fileEncoding = 4; lastKnownFileType = sourcecode.c.h; path = ccImageViewController.h; sourceTree = "<group>"; };
		F16BDCBC1956492D00BD3538 /* ccImageViewController.m */ = {isa = PBXFileReference; fileEncoding = 4; lastKnownFileType = sourcecode.c.objc; path = ccImageViewController.m; sourceTree = "<group>"; };
		F1A4AA4E1953981B009EE205 /* snapshot.app */ = {isa = PBXFileReference; explicitFileType = wrapper.application; includeInIndex = 0; path = snapshot.app; sourceTree = BUILT_PRODUCTS_DIR; };
		F1A4AA511953981B009EE205 /* Foundation.framework */ = {isa = PBXFileReference; lastKnownFileType = wrapper.framework; name = Foundation.framework; path = System/Library/Frameworks/Foundation.framework; sourceTree = SDKROOT; };
		F1A4AA531953981B009EE205 /* CoreGraphics.framework */ = {isa = PBXFileReference; lastKnownFileType = wrapper.framework; name = CoreGraphics.framework; path = System/Library/Frameworks/CoreGraphics.framework; sourceTree = SDKROOT; };
		F1A4AA551953981B009EE205 /* UIKit.framework */ = {isa = PBXFileReference; lastKnownFileType = wrapper.framework; name = UIKit.framework; path = System/Library/Frameworks/UIKit.framework; sourceTree = SDKROOT; };
		F1A4AA591953981B009EE205 /* snapshot-Info.plist */ = {isa = PBXFileReference; lastKnownFileType = text.plist.xml; path = "snapshot-Info.plist"; sourceTree = "<group>"; };
		F1A4AA5B1953981B009EE205 /* en */ = {isa = PBXFileReference; lastKnownFileType = text.plist.strings; name = en; path = en.lproj/InfoPlist.strings; sourceTree = "<group>"; };
		F1A4AA5D1953981B009EE205 /* main.m */ = {isa = PBXFileReference; lastKnownFileType = sourcecode.c.objc; path = main.m; sourceTree = "<group>"; };
		F1A4AA5F1953981B009EE205 /* snapshot-Prefix.pch */ = {isa = PBXFileReference; lastKnownFileType = sourcecode.c.h; path = "snapshot-Prefix.pch"; sourceTree = "<group>"; };
		F1A4AA601953981B009EE205 /* snapAppDelegate.h */ = {isa = PBXFileReference; lastKnownFileType = sourcecode.c.h; path = snapAppDelegate.h; sourceTree = "<group>"; };
		F1A4AA611953981B009EE205 /* snapAppDelegate.m */ = {isa = PBXFileReference; lastKnownFileType = sourcecode.c.objc; path = snapAppDelegate.m; sourceTree = "<group>"; };
		F1A4AA641953981B009EE205 /* Base */ = {isa = PBXFileReference; lastKnownFileType = file.storyboard; name = Base; path = Base.lproj/Main_iPhone.storyboard; sourceTree = "<group>"; };
		F1A4AA671953981B009EE205 /* Base */ = {isa = PBXFileReference; lastKnownFileType = file.storyboard; name = Base; path = Base.lproj/Main_iPad.storyboard; sourceTree = "<group>"; };
		F1A4AA6C1953981B009EE205 /* Images.xcassets */ = {isa = PBXFileReference; lastKnownFileType = folder.assetcatalog; path = Images.xcassets; sourceTree = "<group>"; };
		F1A4AA721953981B009EE205 /* snapshotTests.xctest */ = {isa = PBXFileReference; explicitFileType = wrapper.cfbundle; includeInIndex = 0; path = snapshotTests.xctest; sourceTree = BUILT_PRODUCTS_DIR; };
		F1A4AA731953981B009EE205 /* XCTest.framework */ = {isa = PBXFileReference; lastKnownFileType = wrapper.framework; name = XCTest.framework; path = Library/Frameworks/XCTest.framework; sourceTree = DEVELOPER_DIR; };
		F1A4AA7B1953981B009EE205 /* snapshotTests-Info.plist */ = {isa = PBXFileReference; lastKnownFileType = text.plist.xml; path = "snapshotTests-Info.plist"; sourceTree = "<group>"; };
		F1A4AA7D1953981B009EE205 /* en */ = {isa = PBXFileReference; lastKnownFileType = text.plist.strings; name = en; path = en.lproj/InfoPlist.strings; sourceTree = "<group>"; };
		F1A4AA7F1953981B009EE205 /* snapshotTests.m */ = {isa = PBXFileReference; lastKnownFileType = sourcecode.c.objc; path = snapshotTests.m; sourceTree = "<group>"; };
/* End PBXFileReference section */

/* Begin PBXFrameworksBuildPhase section */
		F1A4AA4B1953981B009EE205 /* Frameworks */ = {
			isa = PBXFrameworksBuildPhase;
			buildActionMask = 2147483647;
			files = (
				F1A4AA541953981B009EE205 /* CoreGraphics.framework in Frameworks */,
				F1A4AA561953981B009EE205 /* UIKit.framework in Frameworks */,
				F1A4AA521953981B009EE205 /* Foundation.framework in Frameworks */,
			);
			runOnlyForDeploymentPostprocessing = 0;
		};
		F1A4AA6F1953981B009EE205 /* Frameworks */ = {
			isa = PBXFrameworksBuildPhase;
			buildActionMask = 2147483647;
			files = (
				F1A4AA741953981B009EE205 /* XCTest.framework in Frameworks */,
				F1A4AA761953981B009EE205 /* UIKit.framework in Frameworks */,
				F1A4AA751953981B009EE205 /* Foundation.framework in Frameworks */,
			);
			runOnlyForDeploymentPostprocessing = 0;
		};
/* End PBXFrameworksBuildPhase section */

/* Begin PBXGroup section */
		F16BDC6F1955F1CC00BD3538 /* Flickr Fetcher */ = {
			isa = PBXGroup;
			children = (
				F16BDC701955F1CC00BD3538 /* FlickrAPIKey.h */,
				F16BDC711955F1CC00BD3538 /* FlickrFetcher.h */,
				F16BDC721955F1CC00BD3538 /* FlickrFetcher.m */,
			);
			path = "Flickr Fetcher";
			sourceTree = "<group>";
		};
		F1A4AA451953981B009EE205 = {
			isa = PBXGroup;
			children = (
				F1A4AA571953981B009EE205 /* snapshot */,
				F1A4AA791953981B009EE205 /* snapshotTests */,
				F1A4AA501953981B009EE205 /* Frameworks */,
				F1A4AA4F1953981B009EE205 /* Products */,
			);
			sourceTree = "<group>";
		};
		F1A4AA4F1953981B009EE205 /* Products */ = {
			isa = PBXGroup;
			children = (
				F1A4AA4E1953981B009EE205 /* snapshot.app */,
				F1A4AA721953981B009EE205 /* snapshotTests.xctest */,
			);
			name = Products;
			sourceTree = "<group>";
		};
		F1A4AA501953981B009EE205 /* Frameworks */ = {
			isa = PBXGroup;
			children = (
				F1A4AA511953981B009EE205 /* Foundation.framework */,
				F1A4AA531953981B009EE205 /* CoreGraphics.framework */,
				F1A4AA551953981B009EE205 /* UIKit.framework */,
				F1A4AA731953981B009EE205 /* XCTest.framework */,
			);
			name = Frameworks;
			sourceTree = "<group>";
		};
		F1A4AA571953981B009EE205 /* snapshot */ = {
			isa = PBXGroup;
			children = (
				F1A4AA631953981B009EE205 /* Main_iPhone.storyboard */,
				F11998D01963A33D00801578 /* snapLocationTVC.h */,
				F11998D11963A33D00801578 /* snapLocationTVC.m */,
				F1A4AA661953981B009EE205 /* Main_iPad.storyboard */,
				F16BDC691955EA9500BD3538 /* snapFlickrPhotosTVC.h */,
				F16BDC6A1955EA9500BD3538 /* snapFlickrPhotosTVC.m */,
				F16BDCBB1956492D00BD3538 /* ccImageViewController.h */,
				F16BDCBC1956492D00BD3538 /* ccImageViewController.m */,
				F16BDC6C1955EB7400BD3538 /* snapJustPostedFlickrPhotosTVCViewController.h */,
				F16BDC6D1955EB7400BD3538 /* snapJustPostedFlickrPhotosTVCViewController.m */,
				F16BDC6F1955F1CC00BD3538 /* Flickr Fetcher */,
				F1A4AA581953981B009EE205 /* Supporting Files */,
			);
			path = snapshot;
			sourceTree = "<group>";
		};
		F1A4AA581953981B009EE205 /* Supporting Files */ = {
			isa = PBXGroup;
			children = (
				F1A4AA6C1953981B009EE205 /* Images.xcassets */,
				F1A4AA601953981B009EE205 /* snapAppDelegate.h */,
				F1A4AA611953981B009EE205 /* snapAppDelegate.m */,
				F1A4AA591953981B009EE205 /* snapshot-Info.plist */,
				F1A4AA5A1953981B009EE205 /* InfoPlist.strings */,
				F1A4AA5D1953981B009EE205 /* main.m */,
				F1A4AA5F1953981B009EE205 /* snapshot-Prefix.pch */,
			);
			name = "Supporting Files";
			sourceTree = "<group>";
		};
		F1A4AA791953981B009EE205 /* snapshotTests */ = {
			isa = PBXGroup;
			children = (
				F1A4AA7F1953981B009EE205 /* snapshotTests.m */,
				F1A4AA7A1953981B009EE205 /* Supporting Files */,
			);
			path = snapshotTests;
			sourceTree = "<group>";
		};
		F1A4AA7A1953981B009EE205 /* Supporting Files */ = {
			isa = PBXGroup;
			children = (
				F1A4AA7B1953981B009EE205 /* snapshotTests-Info.plist */,
				F1A4AA7C1953981B009EE205 /* InfoPlist.strings */,
			);
			name = "Supporting Files";
			sourceTree = "<group>";
		};
/* End PBXGroup section */

/* Begin PBXNativeTarget section */
		F1A4AA4D1953981B009EE205 /* snapshot */ = {
			isa = PBXNativeTarget;
			buildConfigurationList = F1A4AA831953981B009EE205 /* Build configuration list for PBXNativeTarget "snapshot" */;
			buildPhases = (
				F1A4AA4A1953981B009EE205 /* Sources */,
				F1A4AA4B1953981B009EE205 /* Frameworks */,
				F1A4AA4C1953981B009EE205 /* Resources */,
			);
			buildRules = (
			);
			dependencies = (
			);
			name = snapshot;
			productName = snapshot;
			productReference = F1A4AA4E1953981B009EE205 /* snapshot.app */;
			productType = "com.apple.product-type.application";
		};
		F1A4AA711953981B009EE205 /* snapshotTests */ = {
			isa = PBXNativeTarget;
			buildConfigurationList = F1A4AA861953981B009EE205 /* Build configuration list for PBXNativeTarget "snapshotTests" */;
			buildPhases = (
				F1A4AA6E1953981B009EE205 /* Sources */,
				F1A4AA6F1953981B009EE205 /* Frameworks */,
				F1A4AA701953981B009EE205 /* Resources */,
			);
			buildRules = (
			);
			dependencies = (
				F1A4AA781953981B009EE205 /* PBXTargetDependency */,
			);
			name = snapshotTests;
			productName = snapshotTests;
			productReference = F1A4AA721953981B009EE205 /* snapshotTests.xctest */;
			productType = "com.apple.product-type.bundle.unit-test";
		};
/* End PBXNativeTarget section */

/* Begin PBXProject section */
		F1A4AA461953981B009EE205 /* Project object */ = {
			isa = PBXProject;
			attributes = {
				CLASSPREFIX = snap;
				LastUpgradeCheck = 0510;
				ORGANIZATIONNAME = Home;
				TargetAttributes = {
					F1A4AA711953981B009EE205 = {
						TestTargetID = F1A4AA4D1953981B009EE205;
					};
				};
			};
			buildConfigurationList = F1A4AA491953981B009EE205 /* Build configuration list for PBXProject "snapshot" */;
			compatibilityVersion = "Xcode 3.2";
			developmentRegion = English;
			hasScannedForEncodings = 0;
			knownRegions = (
				en,
				Base,
			);
			mainGroup = F1A4AA451953981B009EE205;
			productRefGroup = F1A4AA4F1953981B009EE205 /* Products */;
			projectDirPath = "";
			projectRoot = "";
			targets = (
				F1A4AA4D1953981B009EE205 /* snapshot */,
				F1A4AA711953981B009EE205 /* snapshotTests */,
			);
		};
/* End PBXProject section */

/* Begin PBXResourcesBuildPhase section */
		F1A4AA4C1953981B009EE205 /* Resources */ = {
			isa = PBXResourcesBuildPhase;
			buildActionMask = 2147483647;
			files = (
				F1A4AA681953981B009EE205 /* Main_iPad.storyboard in Resources */,
				F1A4AA6D1953981B009EE205 /* Images.xcassets in Resources */,
				F1A4AA651953981B009EE205 /* Main_iPhone.storyboard in Resources */,
				F1A4AA5C1953981B009EE205 /* InfoPlist.strings in Resources */,
			);
			runOnlyForDeploymentPostprocessing = 0;
		};
		F1A4AA701953981B009EE205 /* Resources */ = {
			isa = PBXResourcesBuildPhase;
			buildActionMask = 2147483647;
			files = (
				F1A4AA7E1953981B009EE205 /* InfoPlist.strings in Resources */,
			);
			runOnlyForDeploymentPostprocessing = 0;
		};
/* End PBXResourcesBuildPhase section */

/* Begin PBXSourcesBuildPhase section */
		F1A4AA4A1953981B009EE205 /* Sources */ = {
			isa = PBXSourcesBuildPhase;
			buildActionMask = 2147483647;
			files = (
				F1A4AA621953981B009EE205 /* snapAppDelegate.m in Sources */,
				F16BDC6B1955EA9500BD3538 /* snapFlickrPhotosTVC.m in Sources */,
				F1A4AA5E1953981B009EE205 /* main.m in Sources */,
				F16BDC731955F1CC00BD3538 /* FlickrFetcher.m in Sources */,
				F11998D21963A33D00801578 /* snapLocationTVC.m in Sources */,
				F16BDCBD1956492D00BD3538 /* ccImageViewController.m in Sources */,
				F16BDC6E1955EB7400BD3538 /* snapJustPostedFlickrPhotosTVCViewController.m in Sources */,
			);
			runOnlyForDeploymentPostprocessing = 0;
		};
		F1A4AA6E1953981B009EE205 /* Sources */ = {
			isa = PBXSourcesBuildPhase;
			buildActionMask = 2147483647;
			files = (
				F1A4AA801953981B009EE205 /* snapshotTests.m in Sources */,
			);
			runOnlyForDeploymentPostprocessing = 0;
		};
/* End PBXSourcesBuildPhase section */

/* Begin PBXTargetDependency section */
		F1A4AA781953981B009EE205 /* PBXTargetDependency */ = {
			isa = PBXTargetDependency;
			target = F1A4AA4D1953981B009EE205 /* snapshot */;
			targetProxy = F1A4AA771953981B009EE205 /* PBXContainerItemProxy */;
		};
/* End PBXTargetDependency section */

/* Begin PBXVariantGroup section */
		F1A4AA5A1953981B009EE205 /* InfoPlist.strings */ = {
			isa = PBXVariantGroup;
			children = (
				F1A4AA5B1953981B009EE205 /* en */,
			);
			name = InfoPlist.strings;
			sourceTree = "<group>";
		};
		F1A4AA631953981B009EE205 /* Main_iPhone.storyboard */ = {
			isa = PBXVariantGroup;
			children = (
				F1A4AA641953981B009EE205 /* Base */,
			);
			name = Main_iPhone.storyboard;
			sourceTree = "<group>";
		};
		F1A4AA661953981B009EE205 /* Main_iPad.storyboard */ = {
			isa = PBXVariantGroup;
			children = (
				F1A4AA671953981B009EE205 /* Base */,
			);
			name = Main_iPad.storyboard;
			sourceTree = "<group>";
		};
		F1A4AA7C1953981B009EE205 /* InfoPlist.strings */ = {
			isa = PBXVariantGroup;
			children = (
				F1A4AA7D1953981B009EE205 /* en */,
			);
			name = InfoPlist.strings;
			sourceTree = "<group>";
		};
/* End PBXVariantGroup section */

/* Begin XCBuildConfiguration section */
		F1A4AA811953981B009EE205 /* Debug */ = {
			isa = XCBuildConfiguration;
			buildSettings = {
				ALWAYS_SEARCH_USER_PATHS = NO;
				CLANG_CXX_LANGUAGE_STANDARD = "gnu++0x";
				CLANG_CXX_LIBRARY = "libc++";
				CLANG_ENABLE_MODULES = YES;
				CLANG_ENABLE_OBJC_ARC = YES;
				CLANG_WARN_BOOL_CONVERSION = YES;
				CLANG_WARN_CONSTANT_CONVERSION = YES;
				CLANG_WARN_DIRECT_OBJC_ISA_USAGE = YES_ERROR;
				CLANG_WARN_EMPTY_BODY = YES;
				CLANG_WARN_ENUM_CONVERSION = YES;
				CLANG_WARN_INT_CONVERSION = YES;
				CLANG_WARN_OBJC_ROOT_CLASS = YES_ERROR;
				CLANG_WARN__DUPLICATE_METHOD_MATCH = YES;
				"CODE_SIGN_IDENTITY[sdk=iphoneos*]" = "iPhone Developer";
				COPY_PHASE_STRIP = NO;
				GCC_C_LANGUAGE_STANDARD = gnu99;
				GCC_DYNAMIC_NO_PIC = NO;
				GCC_OPTIMIZATION_LEVEL = 0;
				GCC_PREPROCESSOR_DEFINITIONS = (
					"DEBUG=1",
					"$(inherited)",
				);
				GCC_SYMBOLS_PRIVATE_EXTERN = NO;
				GCC_WARN_64_TO_32_BIT_CONVERSION = YES;
				GCC_WARN_ABOUT_RETURN_TYPE = YES_ERROR;
				GCC_WARN_UNDECLARED_SELECTOR = YES;
				GCC_WARN_UNINITIALIZED_AUTOS = YES_AGGRESSIVE;
				GCC_WARN_UNUSED_FUNCTION = YES;
				GCC_WARN_UNUSED_VARIABLE = YES;
				IPHONEOS_DEPLOYMENT_TARGET = 7.1;
				ONLY_ACTIVE_ARCH = YES;
				SDKROOT = iphoneos;
				TARGETED_DEVICE_FAMILY = "1,2";
			};
			name = Debug;
		};
		F1A4AA821953981B009EE205 /* Release */ = {
			isa = XCBuildConfiguration;
			buildSettings = {
				ALWAYS_SEARCH_USER_PATHS = NO;
				CLANG_CXX_LANGUAGE_STANDARD = "gnu++0x";
				CLANG_CXX_LIBRARY = "libc++";
				CLANG_ENABLE_MODULES = YES;
				CLANG_ENABLE_OBJC_ARC = YES;
				CLANG_WARN_BOOL_CONVERSION = YES;
				CLANG_WARN_CONSTANT_CONVERSION = YES;
				CLANG_WARN_DIRECT_OBJC_ISA_USAGE = YES_ERROR;
				CLANG_WARN_EMPTY_BODY = YES;
				CLANG_WARN_ENUM_CONVERSION = YES;
				CLANG_WARN_INT_CONVERSION = YES;
				CLANG_WARN_OBJC_ROOT_CLASS = YES_ERROR;
				CLANG_WARN__DUPLICATE_METHOD_MATCH = YES;
				"CODE_SIGN_IDENTITY[sdk=iphoneos*]" = "iPhone Developer";
				COPY_PHASE_STRIP = YES;
				ENABLE_NS_ASSERTIONS = NO;
				GCC_C_LANGUAGE_STANDARD = gnu99;
				GCC_WARN_64_TO_32_BIT_CONVERSION = YES;
				GCC_WARN_ABOUT_RETURN_TYPE = YES_ERROR;
				GCC_WARN_UNDECLARED_SELECTOR = YES;
				GCC_WARN_UNINITIALIZED_AUTOS = YES_AGGRESSIVE;
				GCC_WARN_UNUSED_FUNCTION = YES;
				GCC_WARN_UNUSED_VARIABLE = YES;
				IPHONEOS_DEPLOYMENT_TARGET = 7.1;
				SDKROOT = iphoneos;
				TARGETED_DEVICE_FAMILY = "1,2";
				VALIDATE_PRODUCT = YES;
			};
			name = Release;
		};
		F1A4AA841953981B009EE205 /* Debug */ = {
			isa = XCBuildConfiguration;
			buildSettings = {
				ASSETCATALOG_COMPILER_APPICON_NAME = AppIcon;
				ASSETCATALOG_COMPILER_LAUNCHIMAGE_NAME = LaunchImage;
				GCC_PRECOMPILE_PREFIX_HEADER = YES;
				GCC_PREFIX_HEADER = "snapshot/snapshot-Prefix.pch";
				INFOPLIST_FILE = "snapshot/snapshot-Info.plist";
				PRODUCT_NAME = "$(TARGET_NAME)";
				WRAPPER_EXTENSION = app;
			};
			name = Debug;
		};
		F1A4AA851953981B009EE205 /* Release */ = {
			isa = XCBuildConfiguration;
			buildSettings = {
				ASSETCATALOG_COMPILER_APPICON_NAME = AppIcon;
				ASSETCATALOG_COMPILER_LAUNCHIMAGE_NAME = LaunchImage;
				GCC_PRECOMPILE_PREFIX_HEADER = YES;
				GCC_PREFIX_HEADER = "snapshot/snapshot-Prefix.pch";
				INFOPLIST_FILE = "snapshot/snapshot-Info.plist";
				PRODUCT_NAME = "$(TARGET_NAME)";
				WRAPPER_EXTENSION = app;
			};
			name = Release;
		};
		F1A4AA871953981B009EE205 /* Debug */ = {
			isa = XCBuildConfiguration;
			buildSettings = {
				BUNDLE_LOADER = "$(BUILT_PRODUCTS_DIR)/snapshot.app/snapshot";
				FRAMEWORK_SEARCH_PATHS = (
					"$(SDKROOT)/Developer/Library/Frameworks",
					"$(inherited)",
					"$(DEVELOPER_FRAMEWORKS_DIR)",
				);
				GCC_PRECOMPILE_PREFIX_HEADER = YES;
				GCC_PREFIX_HEADER = "snapshot/snapshot-Prefix.pch";
				GCC_PREPROCESSOR_DEFINITIONS = (
					"DEBUG=1",
					"$(inherited)",
				);
				INFOPLIST_FILE = "snapshotTests/snapshotTests-Info.plist";
				PRODUCT_NAME = "$(TARGET_NAME)";
				TEST_HOST = "$(BUNDLE_LOADER)";
				WRAPPER_EXTENSION = xctest;
			};
			name = Debug;
		};
		F1A4AA881953981B009EE205 /* Release */ = {
			isa = XCBuildConfiguration;
			buildSettings = {
				BUNDLE_LOADER = "$(BUILT_PRODUCTS_DIR)/snapshot.app/snapshot";
				FRAMEWORK_SEARCH_PATHS = (
					"$(SDKROOT)/Developer/Library/Frameworks",
					"$(inherited)",
					"$(DEVELOPER_FRAMEWORKS_DIR)",
				);
				GCC_PRECOMPILE_PREFIX_HEADER = YES;
				GCC_PREFIX_HEADER = "snapshot/snapshot-Prefix.pch";
				INFOPLIST_FILE = "snapshotTests/snapshotTests-Info.plist";
				PRODUCT_NAME = "$(TARGET_NAME)";
				TEST_HOST = "$(BUNDLE_LOADER)";
				WRAPPER_EXTENSION = xctest;
			};
			name = Release;
		};
/* End XCBuildConfiguration section */

/* Begin XCConfigurationList section */
		F1A4AA491953981B009EE205 /* Build configuration list for PBXProject "snapshot" */ = {
			isa = XCConfigurationList;
			buildConfigurations = (
				F1A4AA811953981B009EE205 /* Debug */,
				F1A4AA821953981B009EE205 /* Release */,
			);
			defaultConfigurationIsVisible = 0;
			defaultConfigurationName = Release;
		};
		F1A4AA831953981B009EE205 /* Build configuration list for PBXNativeTarget "snapshot" */ = {
			isa = XCConfigurationList;
			buildConfigurations = (
				F1A4AA841953981B009EE205 /* Debug */,
				F1A4AA851953981B009EE205 /* Release */,
			);
			defaultConfigurationIsVisible = 0;
			defaultConfigurationName = Release;
		};
		F1A4AA861953981B009EE205 /* Build configuration list for PBXNativeTarget "snapshotTests" */ = {
			isa = XCConfigurationList;
			buildConfigurations = (
				F1A4AA871953981B009EE205 /* Debug */,
				F1A4AA881953981B009EE205 /* Release */,
			);
			defaultConfigurationIsVisible = 0;
			defaultConfigurationName = Release;
		};
/* End XCConfigurationList section */
	};
	rootObject = F1A4AA461953981B009EE205 /* Project object */;
}
